
Microsoft Visual Studio Solution File, Format Version 12.00
# Visual Studio Version 17
VisualStudioVersion = 17.13.35825.156 d17.13
MinimumVisualStudioVersion = 10.0.40219.1
Project("{FAE04EC0-301F-11D3-BF4B-00C04F79EFBC}") = "YoutubeBlog.Web", "YoutubeBlog.Web\YoutubeBlog.Web.csproj", "{AC8323FB-BCB0-4426-95CE-BE3F04670FAF}"
EndProject
Project("{FAE04EC0-301F-11D3-BF4B-00C04F79EFBC}") = "YoutubeBlog.Entity", "YoutubeBlog.Entity\YoutubeBlog.Entity.csproj", "{1DC375EB-47F4-46D7-B6BC-DA91036581C4}"
EndProject
Project("{FAE04EC0-301F-11D3-BF4B-00C04F79EFBC}") = "YoutubeBlog.Data", "YoutubeBlog.Data\YoutubeBlog.Data.csproj", "{533DF1B5-4BDA-4503-9591-17ECB3C8293F}"
EndProject
Project("{FAE04EC0-301F-11D3-BF4B-00C04F79EFBC}") = "YoutubeBlog.Service", "YoutubeBlog.Service\YoutubeBlog.Service.csproj", "{AB56B1C0-092A-4A80-BEF7-6FE1FD39FD01}"
EndProject
Project("{FAE04EC0-301F-11D3-BF4B-00C04F79EFBC}") = "YoutubeBlog.Core", "YoutubeBlog.Core\YoutubeBlog.Core.csproj", "{F7524AD2-274F-497C-A8B3-DC321BFFE840}"
EndProject
Global
	GlobalSection(SolutionConfigurationPlatforms) = preSolution
		Debug|Any CPU = Debug|Any CPU
		Release|Any CPU = Release|Any CPU
	EndGlobalSection
	GlobalSection(ProjectConfigurationPlatforms) = postSolution
		{AC8323FB-BCB0-4426-95CE-BE3F04670FAF}.Debug|Any CPU.ActiveCfg = Debug|Any CPU
		{AC8323FB-BCB0-4426-95CE-BE3F04670FAF}.Debug|Any CPU.Build.0 = Debug|Any CPU
		{AC8323FB-BCB0-4426-95CE-BE3F04670FAF}.Release|Any CPU.ActiveCfg = Release|Any CPU
		{AC8323FB-BCB0-4426-95CE-BE3F04670FAF}.Release|Any CPU.Build.0 = Release|Any CPU
		{1DC375EB-47F4-46D7-B6BC-DA91036581C4}.Debug|Any CPU.ActiveCfg = Debug|Any CPU
		{1DC375EB-47F4-46D7-B6BC-DA91036581C4}.Debug|Any CPU.Build.0 = Debug|Any CPU
		{1DC375EB-47F4-46D7-B6BC-DA91036581C4}.Release|Any CPU.ActiveCfg = Release|Any CPU
		{1DC375EB-47F4-46D7-B6BC-DA91036581C4}.Release|Any CPU.Build.0 = Release|Any CPU
		{533DF1B5-4BDA-4503-9591-17ECB3C8293F}.Debug|Any CPU.ActiveCfg = Debug|Any CPU
		{533DF1B5-4BDA-4503-9591-17ECB3C8293F}.Debug|Any CPU.Build.0 = Debug|Any CPU
		{533DF1B5-4BDA-4503-9591-17ECB3C8293F}.Release|Any CPU.ActiveCfg = Release|Any CPU
		{533DF1B5-4BDA-4503-9591-17ECB3C8293F}.Release|Any CPU.Build.0 = Release|Any CPU
		{AB56B1C0-092A-4A80-BEF7-6FE1FD39FD01}.Debug|Any CPU.ActiveCfg = Debug|Any CPU
		{AB56B1C0-092A-4A80-BEF7-6FE1FD39FD01}.Debug|Any CPU.Build.0 = Debug|Any CPU
		{AB56B1C0-092A-4A80-BEF7-6FE1FD39FD01}.Release|Any CPU.ActiveCfg = Release|Any CPU
		{AB56B1C0-092A-4A80-BEF7-6FE1FD39FD01}.Release|Any CPU.Build.0 = Release|Any CPU
		{F7524AD2-274F-497C-A8B3-DC321BFFE840}.Debug|Any CPU.ActiveCfg = Debug|Any CPU
		{F7524AD2-274F-497C-A8B3-DC321BFFE840}.Debug|Any CPU.Build.0 = Debug|Any CPU
		{F7524AD2-274F-497C-A8B3-DC321BFFE840}.Release|Any CPU.ActiveCfg = Release|Any CPU
		{F7524AD2-274F-497C-A8B3-DC321BFFE840}.Release|Any CPU.Build.0 = Release|Any CPU
	EndGlobalSection
	GlobalSection(SolutionProperties) = preSolution
		HideSolutionNode = FALSE
	EndGlobalSection
	GlobalSection(ExtensibilityGlobals) = postSolution
		SolutionGuid = {2C28A7AC-FC10-4FE6-8725-73917AA0EAD2}
	EndGlobalSection
EndGlobal
